
Microsoft Visual Studio Solution File, Format Version 12.00
# Visual Studio Version 17
VisualStudioVersion = 17.7.34031.279
MinimumVisualStudioVersion = 10.0.40219.1
Project("{9A19103F-16F7-4668-BE54-9A1E7A4F7556}") = "T4-2", "T4-2.csproj", "{CFBED214-1537-4178-A9B9-D3B0A1D28BDC}"
EndProject
Global
	GlobalSection(SolutionConfigurationPlatforms) = preSolution
		Debug|Any CPU = Debug|Any CPU
		Release|Any CPU = Release|Any CPU
	EndGlobalSection
	GlobalSection(ProjectConfigurationPlatforms) = postSolution
		{CFBED214-1537-4178-A9B9-D3B0A1D28BDC}.Debug|Any CPU.ActiveCfg = Debug|Any CPU
		{CFBED214-1537-4178-A9B9-D3B0A1D28BDC}.Debug|Any CPU.Build.0 = Debug|Any CPU
		{CFBED214-1537-4178-A9B9-D3B0A1D28BDC}.Release|Any CPU.ActiveCfg = Release|Any CPU
		{CFBED214-1537-4178-A9B9-D3B0A1D28BDC}.Release|Any CPU.Build.0 = Release|Any CPU
	EndGlobalSection
	GlobalSection(SolutionProperties) = preSolution
		HideSolutionNode = FALSE
	EndGlobalSection
	GlobalSection(ExtensibilityGlobals) = postSolution
		SolutionGuid = {386B47A3-733C-4AC5-A41B-DCE7359D1FEB}
	EndGlobalSection
EndGlobal
