
Microsoft Visual Studio Solution File, Format Version 12.00
# Visual Studio Version 17
VisualStudioVersion = 17.7.34031.279
MinimumVisualStudioVersion = 10.0.40219.1
Project("{FAE04EC0-301F-11D3-BF4B-00C04F79EFBC}") = "Server", "Server.csproj", "{D27223A7-6629-41C5-A623-7C6B1DD58513}"
EndProject
Project("{FAE04EC0-301F-11D3-BF4B-00C04F79EFBC}") = "Client", "..\Client\Client.csproj", "{653990FA-24EE-4CC1-95FA-05CDF8BA15C2}"
EndProject
Global
	GlobalSection(SolutionConfigurationPlatforms) = preSolution
		Debug|Any CPU = Debug|Any CPU
		Release|Any CPU = Release|Any CPU
	EndGlobalSection
	GlobalSection(ProjectConfigurationPlatforms) = postSolution
		{D27223A7-6629-41C5-A623-7C6B1DD58513}.Debug|Any CPU.ActiveCfg = Debug|Any CPU
		{D27223A7-6629-41C5-A623-7C6B1DD58513}.Debug|Any CPU.Build.0 = Debug|Any CPU
		{D27223A7-6629-41C5-A623-7C6B1DD58513}.Release|Any CPU.ActiveCfg = Release|Any CPU
		{D27223A7-6629-41C5-A623-7C6B1DD58513}.Release|Any CPU.Build.0 = Release|Any CPU
		{653990FA-24EE-4CC1-95FA-05CDF8BA15C2}.Debug|Any CPU.ActiveCfg = Debug|Any CPU
		{653990FA-24EE-4CC1-95FA-05CDF8BA15C2}.Debug|Any CPU.Build.0 = Debug|Any CPU
		{653990FA-24EE-4CC1-95FA-05CDF8BA15C2}.Release|Any CPU.ActiveCfg = Release|Any CPU
		{653990FA-24EE-4CC1-95FA-05CDF8BA15C2}.Release|Any CPU.Build.0 = Release|Any CPU
	EndGlobalSection
	GlobalSection(SolutionProperties) = preSolution
		HideSolutionNode = FALSE
	EndGlobalSection
	GlobalSection(ExtensibilityGlobals) = postSolution
		SolutionGuid = {2F422124-54FC-47E3-A6FD-C1F87D984D9E}
	EndGlobalSection
EndGlobal
