
Microsoft Visual Studio Solution File, Format Version 12.00
# Visual Studio Version 17
VisualStudioVersion = 17.7.34031.279
MinimumVisualStudioVersion = 10.0.40219.1
Project("{9A19103F-16F7-4668-BE54-9A1E7A4F7556}") = "Core", "Core.csproj", "{CFBED214-1537-4178-A9B9-D3B0A1D28BDC}"
EndProject
Project("{9A19103F-16F7-4668-BE54-9A1E7A4F7556}") = "API-GateWay", "..\API-GateWay\API-GateWay.csproj", "{7651273A-993D-431F-8FF6-33F81EFA9211}"
EndProject
Project("{9A19103F-16F7-4668-BE54-9A1E7A4F7556}") = "API-info", "..\API-Info\API-info.csproj", "{E5376039-1781-4419-A7D4-6BEDA11D479E}"
EndProject
Global
	GlobalSection(SolutionConfigurationPlatforms) = preSolution
		Debug|Any CPU = Debug|Any CPU
		Release|Any CPU = Release|Any CPU
	EndGlobalSection
	GlobalSection(ProjectConfigurationPlatforms) = postSolution
		{CFBED214-1537-4178-A9B9-D3B0A1D28BDC}.Debug|Any CPU.ActiveCfg = Debug|Any CPU
		{CFBED214-1537-4178-A9B9-D3B0A1D28BDC}.Debug|Any CPU.Build.0 = Debug|Any CPU
		{CFBED214-1537-4178-A9B9-D3B0A1D28BDC}.Release|Any CPU.ActiveCfg = Release|Any CPU
		{CFBED214-1537-4178-A9B9-D3B0A1D28BDC}.Release|Any CPU.Build.0 = Release|Any CPU
		{7651273A-993D-431F-8FF6-33F81EFA9211}.Debug|Any CPU.ActiveCfg = Debug|Any CPU
		{7651273A-993D-431F-8FF6-33F81EFA9211}.Debug|Any CPU.Build.0 = Debug|Any CPU
		{7651273A-993D-431F-8FF6-33F81EFA9211}.Release|Any CPU.ActiveCfg = Release|Any CPU
		{7651273A-993D-431F-8FF6-33F81EFA9211}.Release|Any CPU.Build.0 = Release|Any CPU
		{E5376039-1781-4419-A7D4-6BEDA11D479E}.Debug|Any CPU.ActiveCfg = Debug|Any CPU
		{E5376039-1781-4419-A7D4-6BEDA11D479E}.Debug|Any CPU.Build.0 = Debug|Any CPU
		{E5376039-1781-4419-A7D4-6BEDA11D479E}.Release|Any CPU.ActiveCfg = Release|Any CPU
		{E5376039-1781-4419-A7D4-6BEDA11D479E}.Release|Any CPU.Build.0 = Release|Any CPU
	EndGlobalSection
	GlobalSection(SolutionProperties) = preSolution
		HideSolutionNode = FALSE
	EndGlobalSection
	GlobalSection(ExtensibilityGlobals) = postSolution
		SolutionGuid = {386B47A3-733C-4AC5-A41B-DCE7359D1FEB}
	EndGlobalSection
EndGlobal
